
Microsoft Visual Studio Solution File, Format Version 12.00
# Visual Studio 2013
VisualStudioVersion = 12.0.21005.1
MinimumVisualStudioVersion = 10.0.40219.1
Project("{8BC9CEB8-8B4A-11D0-8D11-00A0C91BC942}") = "strcat", "strcat\strcat.vcxproj", "{2E0E10B3-3F8B-4BF3-BA86-DD5A22DF60A4}"
EndProject
Global
	GlobalSection(SolutionConfigurationPlatforms) = preSolution
		Debug|Win32 = Debug|Win32
		Release|Win32 = Release|Win32
	EndGlobalSection
	GlobalSection(ProjectConfigurationPlatforms) = postSolution
		{2E0E10B3-3F8B-4BF3-BA86-DD5A22DF60A4}.Debug|Win32.ActiveCfg = Debug|Win32
		{2E0E10B3-3F8B-4BF3-BA86-DD5A22DF60A4}.Debug|Win32.Build.0 = Debug|Win32
		{2E0E10B3-3F8B-4BF3-BA86-DD5A22DF60A4}.Release|Win32.ActiveCfg = Release|Win32
		{2E0E10B3-3F8B-4BF3-BA86-DD5A22DF60A4}.Release|Win32.Build.0 = Release|Win32
	EndGlobalSection
	GlobalSection(SolutionProperties) = preSolution
		HideSolutionNode = FALSE
	EndGlobalSection
EndGlobal
